
Microsoft Visual Studio Solution File, Format Version 9.00
# Visual Studio 2005
Project("{FAE04EC0-301F-11D3-BF4B-00C04F79EFBC}") = "Monitor", "Monitor\Monitor.csproj", "{5C81C62B-632F-460C-93F7-CFFB0CAEC2F5}"
EndProject
Global
	GlobalSection(SolutionConfigurationPlatforms) = preSolution
		Debug|Any CPU = Debug|Any CPU
		Release|Any CPU = Release|Any CPU
	EndGlobalSection
	GlobalSection(ProjectConfigurationPlatforms) = postSolution
		{5C81C62B-632F-460C-93F7-CFFB0CAEC2F5}.Debug|Any CPU.ActiveCfg = Debug|Any CPU
		{5C81C62B-632F-460C-93F7-CFFB0CAEC2F5}.Debug|Any CPU.Build.0 = Debug|Any CPU
		{5C81C62B-632F-460C-93F7-CFFB0CAEC2F5}.Debug|Any CPU.Deploy.0 = Debug|Any CPU
		{5C81C62B-632F-460C-93F7-CFFB0CAEC2F5}.Release|Any CPU.ActiveCfg = Release|Any CPU
		{5C81C62B-632F-460C-93F7-CFFB0CAEC2F5}.Release|Any CPU.Build.0 = Release|Any CPU
		{5C81C62B-632F-460C-93F7-CFFB0CAEC2F5}.Release|Any CPU.Deploy.0 = Release|Any CPU
	EndGlobalSection
	GlobalSection(SolutionProperties) = preSolution
		HideSolutionNode = FALSE
	EndGlobalSection
EndGlobal
